// !$*UTF8*$!
{
	archiveVersion = 1;
	classes = {
	};
	objectVersion = 46;
	objects = {
/* Begin PBXBuildFile section */
		0207DA581B56EA530066E2B4 /* Images.xcassets in Resources */ = {isa = PBXBuildFile; fileRef = 0207DA571B56EA530066E2B4 /* Images.xcassets */; };
		1D3623260D0F684500981E51 /* AppDelegate.m in Sources */ = {isa = PBXBuildFile; fileRef = 1D3623250D0F684500981E51 /* AppDelegate.m */; };
		1D60589B0D05DD56006BFB54 /* main.m in Sources */ = {isa = PBXBuildFile; fileRef = 29B97316FDCFA39411CA2CEA /* main.m */; };
		301BF552109A68D80062928A /* libCordova.a in Frameworks */ = {isa = PBXBuildFile; fileRef = 301BF535109A57CC0062928A /* libCordova.a */; };
		302D95F114D2391D003F00A1 /* MainViewController.m in Sources */ = {isa = PBXBuildFile; fileRef = 302D95EF14D2391D003F00A1 /* MainViewController.m */; };
		302D95F214D2391D003F00A1 /* MainViewController.xib in Resources */ = {isa = PBXBuildFile; fileRef = 302D95F014D2391D003F00A1 /* MainViewController.xib */; };
		3047A5121AB8059700498E2A /* build-debug.xcconfig in Resources */ = {isa = PBXBuildFile; fileRef = 3047A50F1AB8059700498E2A /* build-debug.xcconfig */; };
		3047A5131AB8059700498E2A /* build-release.xcconfig in Resources */ = {isa = PBXBuildFile; fileRef = 3047A5101AB8059700498E2A /* build-release.xcconfig */; };
		3047A5141AB8059700498E2A /* build.xcconfig in Resources */ = {isa = PBXBuildFile; fileRef = 3047A5111AB8059700498E2A /* build.xcconfig */; };
		6AFF5BF91D6E424B00AB3073 /* CDVLaunchScreen.storyboard in Resources */ = {isa = PBXBuildFile; fileRef = 6AFF5BF81D6E424B00AB3073 /* CDVLaunchScreen.storyboard */; };
		92737DF52E414A93B801C606 /* CDVClipboard.m in Sources */ = {isa = PBXBuildFile; fileRef = 4E4A13103C2146169A34269D /* CDVClipboard.m */; };
		D5EC6221057B4C25A665B98B /* AppDelegate+APPAppEvent.m in Sources */ = {isa = PBXBuildFile; fileRef = E8DE076155E54007B5E1BF9B /* AppDelegate+APPAppEvent.m */; };
		AEAF063296C343AB84F49473 /* CDVPlugin+APPAppEvent.m in Sources */ = {isa = PBXBuildFile; fileRef = 4E900CC0BF2D475E802DCD1C /* CDVPlugin+APPAppEvent.m */; };
		2FE8DF6087E0426D8521F53E /* APPBadge.m in Sources */ = {isa = PBXBuildFile; fileRef = 7B5EE0D593A846B7A5F7D1A4 /* APPBadge.m */; };
		2F3FB43FC8E84556BFD3C74E /* UIImage+CropScaleOrientation.m in Sources */ = {isa = PBXBuildFile; fileRef = 4EDD9B0965664A528EA460D1 /* UIImage+CropScaleOrientation.m */; };
		414F42D496EC44F3BDA9A4DA /* CDVCamera.m in Sources */ = {isa = PBXBuildFile; fileRef = 73E9CABF0BC9423FB322B620 /* CDVCamera.m */; };
		D203BDAD57FA4A49893D8849 /* CDVJpegHeaderWriter.m in Sources */ = {isa = PBXBuildFile; fileRef = 06FB51207319411899D76FE9 /* CDVJpegHeaderWriter.m */; };
		F10083C8DFCC4C2EB69CD463 /* ImageIO.framework in Frameworks */ = {isa = PBXBuildFile; fileRef = 3F14F296D0E045DA905B7AE9 /* ImageIO.framework */; settings = {ATTRIBUTES = (Weak, ); }; };
		A488B089E1224005A95DD6C4 /* CoreLocation.framework in Frameworks */ = {isa = PBXBuildFile; fileRef = C586F3745EA342B6B02D130C /* CoreLocation.framework */; };
		92F89753A2B64390A2511198 /* AVFoundation.framework in Frameworks */ = {isa = PBXBuildFile; fileRef = 01A76508F2204F4AB28807FC /* AVFoundation.framework */; };
		7ECFC511C3154425BFD01360 /* CDVDevice.m in Sources */ = {isa = PBXBuildFile; fileRef = F0DABCD487994E74B59A64F7 /* CDVDevice.m */; };
		A1A5BCE0266A46AF93872308 /* CDVFile.m in Sources */ = {isa = PBXBuildFile; fileRef = DEFBFAAFA12D4DF5974A42A8 /* CDVFile.m */; };
		9A83C10001CC4E1595E164B4 /* CDVLocalFilesystem.m in Sources */ = {isa = PBXBuildFile; fileRef = 8C6482182A38429ABAEE5435 /* CDVLocalFilesystem.m */; };
		0DF01CC1471E4D08ABFA1299 /* CDVAssetLibraryFilesystem.m in Sources */ = {isa = PBXBuildFile; fileRef = 66B3E8C008304D818590645B /* CDVAssetLibraryFilesystem.m */; };
		5531D2A844A44B6883DCA232 /* FileOpener2.m in Sources */ = {isa = PBXBuildFile; fileRef = 8035BBDC19064B4A96F73319 /* FileOpener2.m */; };
		87AD0D09966740E093FFB441 /* CDVFileTransfer.m in Sources */ = {isa = PBXBuildFile; fileRef = D7124D1C08B64007A373AED5 /* CDVFileTransfer.m */; };
		393357802C484B719DA14B6F /* CDVGlobalization.m in Sources */ = {isa = PBXBuildFile; fileRef = DE3D323D59294970875CA05E /* CDVGlobalization.m */; };
		4B7B8F7B965C4C2583211D6C /* CDVInAppBrowser.m in Sources */ = {isa = PBXBuildFile; fileRef = 8C21ACD25BD4455BB40640E5 /* CDVInAppBrowser.m */; };
		9B292326C69B46ABB5A9F47A /* APPLocalNotification.m in Sources */ = {isa = PBXBuildFile; fileRef = 16F59CBE84FB462D86C94C1D /* APPLocalNotification.m */; };
		20E5D8D181334331A291C96F /* APPLocalNotificationOptions.m in Sources */ = {isa = PBXBuildFile; fileRef = CCD45337A4034E1F835E072A /* APPLocalNotificationOptions.m */; };
		957CEC96A3764B3E897B1AA0 /* UNUserNotificationCenter+APPLocalNotification.m in Sources */ = {isa = PBXBuildFile; fileRef = 6340D4FBDEBA486B8DEBD2D9 /* UNUserNotificationCenter+APPLocalNotification.m */; };
		1C4EACA805F548B7B894801C /* UNMutableNotificationContent+APPLocalNotification.m in Sources */ = {isa = PBXBuildFile; fileRef = EC57828AA3C44B51BE43F4C2 /* UNMutableNotificationContent+APPLocalNotification.m */; };
		6535398440264F77B6CF2E1B /* UNNotificationRequest+APPLocalNotification.m in Sources */ = {isa = PBXBuildFile; fileRef = FF1B8AFE348E4710834FD9C0 /* UNNotificationRequest+APPLocalNotification.m */; };
		7114437DEFAF4B90AE834738 /* APPLocalNotificationOptions.ios9.m in Sources */ = {isa = PBXBuildFile; fileRef = 8B2B94C3738F4C088794C6ED /* APPLocalNotificationOptions.ios9.m */; };
		B8D686767BF04845A6CC8DBC /* UIApplication+APPLocalNotification.ios9.m in Sources */ = {isa = PBXBuildFile; fileRef = ED1EF162EC5D4FC5A1371A4C /* UIApplication+APPLocalNotification.ios9.m */; };
		C9F42AD65A4A4CA8A757CED3 /* UILocalNotification+APPLocalNotification.ios9.m in Sources */ = {isa = PBXBuildFile; fileRef = 8559E34D591C4DE78E3A9DBA /* UILocalNotification+APPLocalNotification.ios9.m */; };
		0C35CC708C2545CAACF2F0AC /* UserNotifications.framework in Frameworks */ = {isa = PBXBuildFile; fileRef = A6517958F1A34226AA9733AD /* UserNotifications.framework */; };
		BCAA760E3985445E954EAC7B /* CDVCapture.m in Sources */ = {isa = PBXBuildFile; fileRef = 2B08B255CB854C7BAA8D7CDC /* CDVCapture.m */; };
		AC755C2CB38F438DB67E130F /* CDVCapture.bundle in Resources */ = {isa = PBXBuildFile; fileRef = A5BC51A640984E92903A895F /* CDVCapture.bundle */; };
		B1304AD3DC7B47EBA33113FC /* CDVConnection.m in Sources */ = {isa = PBXBuildFile; fileRef = 1E451C3C27C54884B80DF9D8 /* CDVConnection.m */; };
		D7A248F4DF734D2CA27B5001 /* CDVReachability.m in Sources */ = {isa = PBXBuildFile; fileRef = 29DDFBEF516544BAA41F1E84 /* CDVReachability.m */; };
		B89481ABFC314C5B876A4FFC /* SystemConfiguration.framework in Frameworks */ = {isa = PBXBuildFile; fileRef = 2309E76A4E0541D08B52F1D8 /* SystemConfiguration.framework */; settings = {ATTRIBUTES = (Weak, ); }; };
		6DFE06FD852B43C49419586A /* CoreTelephony.framework in Frameworks */ = {isa = PBXBuildFile; fileRef = EB3F8EC08FDD4637985F2CCC /* CoreTelephony.framework */; };
		DF3E0D49A822426BAB15195B /* CDVSplashScreen.m in Sources */ = {isa = PBXBuildFile; fileRef = 1A8A8CE56757471CBFC6D58E /* CDVSplashScreen.m */; };
		DD454BE19CCA47FEBCE396D4 /* CDVViewController+SplashScreen.m in Sources */ = {isa = PBXBuildFile; fileRef = 3F75B06132D74B9899242584 /* CDVViewController+SplashScreen.m */; };
		46A8403732EB4FC8BBB7D7E0 /* CDVStatusBar.m in Sources */ = {isa = PBXBuildFile; fileRef = 78B4E23D0AF64E70B5EE0947 /* CDVStatusBar.m */; };
		7FF1947DB88E4AC78CC11478 /* ZipPlugin.m in Sources */ = {isa = PBXBuildFile; fileRef = B559A29BCC7B40E78A170FD5 /* ZipPlugin.m */; };
		8F2990BFB28F46E4997BB9D3 /* aescrypt.c in Resources */ = {isa = PBXBuildFile; fileRef = 6292E78D66F142C683324600 /* aescrypt.c */; };
		712602B99CC24CFBB7BD2E39 /* aeskey.c in Resources */ = {isa = PBXBuildFile; fileRef = C13225ABC2824EF3854686F7 /* aeskey.c */; };
		8FD7F6D25278441B80E11A1A /* aestab.c in Resources */ = {isa = PBXBuildFile; fileRef = 20638096B9DA4A27918A2A07 /* aestab.c */; };
		9C9947028032444C8F475A98 /* entropy.c in Resources */ = {isa = PBXBuildFile; fileRef = B1F4FD85EEE74411A3C6BDCD /* entropy.c */; };
		CCC83B7C648E4B90834C7F0B /* fileenc.c in Resources */ = {isa = PBXBuildFile; fileRef = 06E47016416F4241823172B3 /* fileenc.c */; };
		96D4E0B99BFA464088CF2EF0 /* hmac.c in Resources */ = {isa = PBXBuildFile; fileRef = CEDA34696320483C953D3D4D /* hmac.c */; };
		5129AA66670044A393BFEB13 /* prng.c in Resources */ = {isa = PBXBuildFile; fileRef = 9A08ABB251DE4DF4BDAEEF94 /* prng.c */; };
		3E520592F99745888A3D91A2 /* pwd2key.c in Resources */ = {isa = PBXBuildFile; fileRef = 3F12B5952CB044D0A37A3AA2 /* pwd2key.c */; };
		92A0C4DAFAD746C8BF846EFA /* sha1.c in Resources */ = {isa = PBXBuildFile; fileRef = 6E61D8AEA8FA40D1AE52EAEA /* sha1.c */; };
		D2194E1120E54D1F9BD4836B /* SSZipArchive.m in Sources */ = {isa = PBXBuildFile; fileRef = CABB6643B1204ABFB975CE1A /* SSZipArchive.m */; };
		0F71B77D3F6048DB93F523E7 /* zip.c in Resources */ = {isa = PBXBuildFile; fileRef = 1BFC20F296FA4277A2A63E58 /* zip.c */; };
		D4C26EC3726249D699A28C5C /* unzip.c in Resources */ = {isa = PBXBuildFile; fileRef = 4670185C3E5E42F987635E69 /* unzip.c */; };
		7F2CF00FE25E45CDAE3591EE /* mztools.c in Resources */ = {isa = PBXBuildFile; fileRef = B4DDEB4CD08D48029C535663 /* mztools.c */; };
		2916E6A6C17A4698B4F4514A /* ioapi.c in Resources */ = {isa = PBXBuildFile; fileRef = 812064A98136421B9966AA68 /* ioapi.c */; };
		D1D433FA312348C281456B9E /* libz.dylib in Frameworks */ = {isa = PBXBuildFile; fileRef = 4ACDF03BCD974AF1B2A873B1 /* libz.dylib */; };
		2A847E0D900E456FA77807B7 /* SQLitePlugin.m in Sources */ = {isa = PBXBuildFile; fileRef = FB4C0FD43626437CA4A0F106 /* SQLitePlugin.m */; };
		CB262BD612D74D46A55E5C96 /* PSPDFThreadSafeMutableDictionary.m in Sources */ = {isa = PBXBuildFile; fileRef = 7C5794E0F93F42CCAF148E8B /* PSPDFThreadSafeMutableDictionary.m */; settings = {COMPILER_FLAGS = "-w"; }; };
		A8D46B2774AF48B1BD4EA723 /* sqlite3_regexp.c in Resources */ = {isa = PBXBuildFile; fileRef = A6853CCC657A4C0B910D7961 /* sqlite3_regexp.c */; };
		76F14FFB83E54D60A9F72553 /* sqlite3_base64.c in Resources */ = {isa = PBXBuildFile; fileRef = 4FE19FA66BC04C97A32F4F95 /* sqlite3_base64.c */; };
		B8D791A2240F447088A05099 /* cencode.c in Resources */ = {isa = PBXBuildFile; fileRef = C98EAAC93A4E42C5B9E4725C /* cencode.c */; };
		9B41ADAA95844AB082759CA6 /* sqlite3.c in Resources */ = {isa = PBXBuildFile; fileRef = C44D5AA83F9C4D80B5C100E2 /* sqlite3.c */; settings = {COMPILER_FLAGS = "-w -DSQLITE_THREADSAFE=1 -DSQLITE_DEFAULT_SYNCHRONOUS=3 -DSQLITE_LOCKING_STYLE=1 -DHAVE_USLEEP=1 -DSQLITE_DEFAULT_MEMSTATUS=0 -DSQLITE_OMIT_DECLTYPE -DSQLITE_OMIT_DEPRECATED -DSQLITE_OMIT_PROGRESS_CALLBACK -DSQLITE_OMIT_SHARED_CACHE -DSQLITE_TEMP_STORE=2 -DSQLITE_OMIT_LOAD_EXTENSION -DSQLITE_ENABLE_FTS3 -DSQLITE_ENABLE_FTS3_PARENTHESIS -DSQLITE_ENABLE_FTS4 -DSQLITE_ENABLE_FTS5 -DSQLITE_ENABLE_RTREE -DSQLITE_ENABLE_JSON1 -DSQLITE_DEFAULT_PAGE_SIZE=4096 -DSQLITE_DEFAULT_CACHE_SIZE=-2000"; }; };
		27D8CB76ED02413F97723A4C /* IonicKeyboard.m in Sources */ = {isa = PBXBuildFile; fileRef = 2B7323B566C048F1A3B23CA1 /* IonicKeyboard.m */; };
		8E082B68CAA94448BC9AAD5E /* BackgroundAudio.m in Sources */ = {isa = PBXBuildFile; fileRef = 06B27DF91F0046E285487C64 /* BackgroundAudio.m */; };
		BF82165A13384B32819A45D9 /* AppDelegate+notification.m in Sources */ = {isa = PBXBuildFile; fileRef = 83A8ED85737C47B5A959DC6B /* AppDelegate+notification.m */; };
		197834102D60413AA83A9663 /* PushPlugin.m in Sources */ = {isa = PBXBuildFile; fileRef = 2B035BC5B4C94070A3D02BCF /* PushPlugin.m */; };
		94905D5AF19944409204EC63 /* AddressBook.framework in Frameworks */ = {isa = PBXBuildFile; fileRef = 0BEDBB6DEB4D41AEB991F755 /* AddressBook.framework */; };
		038B17B0286E4435BDA6455E /* libsqlite3.tbd in Frameworks */ = {isa = PBXBuildFile; fileRef = 9340D194381547AC83CDFFE0 /* libsqlite3.tbd */; };
		21EC238F0EE8423E9978847C /* libz.tbd in Frameworks */ = {isa = PBXBuildFile; fileRef = 7187240274C244B1A9D83832 /* libz.tbd */; };
/* End PBXBuildFile section */

/* Begin PBXContainerItemProxy section */
		301BF534109A57CC0062928A /* PBXContainerItemProxy */ = {
			isa = PBXContainerItemProxy;
			containerPortal = 301BF52D109A57CC0062928A /* CordovaLib.xcodeproj */;
			proxyType = 2;
			remoteGlobalIDString = D2AAC07E0554694100DB518D;
			remoteInfo = CordovaLib;
		};
		301BF550109A68C00062928A /* PBXContainerItemProxy */ = {
			isa = PBXContainerItemProxy;
			containerPortal = 301BF52D109A57CC0062928A /* CordovaLib.xcodeproj */;
			proxyType = 1;
			remoteGlobalIDString = D2AAC07D0554694100DB518D;
			remoteInfo = CordovaLib;
		};
/* End PBXContainerItemProxy section */

/* Begin PBXFileReference section */
		0207DA571B56EA530066E2B4 /* Images.xcassets */ = {isa = PBXFileReference; lastKnownFileType = folder.assetcatalog; name = Images.xcassets; path = "VidyaMantra/Images.xcassets"; sourceTree = SOURCE_ROOT; };
		1D3623240D0F684500981E51 /* AppDelegate.h */ = {isa = PBXFileReference; fileEncoding = 4; lastKnownFileType = sourcecode.c.h; path = AppDelegate.h; sourceTree = "<group>"; };
		1D3623250D0F684500981E51 /* AppDelegate.m */ = {isa = PBXFileReference; fileEncoding = 4; lastKnownFileType = sourcecode.c.objc; path = AppDelegate.m; sourceTree = "<group>"; };
		1D6058910D05DD3D006BFB54 /* VidyaMantra.app */ = {isa = PBXFileReference; explicitFileType = wrapper.application; includeInIndex = 0; path = "VidyaMantra.app"; sourceTree = BUILT_PRODUCTS_DIR; };
		29B97316FDCFA39411CA2CEA /* main.m */ = {isa = PBXFileReference; fileEncoding = 4; lastKnownFileType = sourcecode.c.objc; path = main.m; sourceTree = "<group>"; };
		301BF52D109A57CC0062928A /* CordovaLib.xcodeproj */ = {isa = PBXFileReference; lastKnownFileType = "wrapper.pb-project"; path = CordovaLib/CordovaLib.xcodeproj; sourceTree = "<group>"; };
		301BF56E109A69640062928A /* www */ = {isa = PBXFileReference; lastKnownFileType = folder; path = www; sourceTree = SOURCE_ROOT; };
		302D95EE14D2391D003F00A1 /* MainViewController.h */ = {isa = PBXFileReference; fileEncoding = 4; lastKnownFileType = sourcecode.c.h; path = MainViewController.h; sourceTree = "<group>"; };
		302D95EF14D2391D003F00A1 /* MainViewController.m */ = {isa = PBXFileReference; fileEncoding = 4; lastKnownFileType = sourcecode.c.objc; path = MainViewController.m; sourceTree = "<group>"; };
		302D95F014D2391D003F00A1 /* MainViewController.xib */ = {isa = PBXFileReference; fileEncoding = 4; lastKnownFileType = file.xib; path = MainViewController.xib; sourceTree = "<group>"; };
		3047A50F1AB8059700498E2A /* build-debug.xcconfig */ = {isa = PBXFileReference; fileEncoding = 4; lastKnownFileType = text.xcconfig; name = "build-debug.xcconfig"; path = cordova/build-debug.xcconfig; sourceTree = SOURCE_ROOT; };
		3047A5101AB8059700498E2A /* build-release.xcconfig */ = {isa = PBXFileReference; fileEncoding = 4; lastKnownFileType = text.xcconfig; name = "build-release.xcconfig"; path = cordova/build-release.xcconfig; sourceTree = SOURCE_ROOT; };
		3047A5111AB8059700498E2A /* build.xcconfig */ = {isa = PBXFileReference; fileEncoding = 4; lastKnownFileType = text.xcconfig; name = build.xcconfig; path = cordova/build.xcconfig; sourceTree = SOURCE_ROOT; };
		32CA4F630368D1EE00C91783 /* VidyaMantra-Prefix.pch */ = {isa = PBXFileReference; fileEncoding = 4; lastKnownFileType = sourcecode.c.h; path = "VidyaMantra-Prefix.pch"; sourceTree = "<group>"; };
		6AFF5BF81D6E424B00AB3073 /* CDVLaunchScreen.storyboard */ = {isa = PBXFileReference; fileEncoding = 4; lastKnownFileType = file.storyboard; name = CDVLaunchScreen.storyboard; path = "VidyaMantra/CDVLaunchScreen.storyboard"; sourceTree = SOURCE_ROOT; };
		8D1107310486CEB800E47090 /* VidyaMantra-Info.plist */ = {isa = PBXFileReference; fileEncoding = 4; lastKnownFileType = text.plist.xml; name = "VidyaMantra-Info.plist"; path = "VidyaMantra/VidyaMantra-Info.plist"; plistStructureDefinitionIdentifier = "com.apple.xcode.plist.structure-definition.iphone.info-plist"; sourceTree = SOURCE_ROOT; };
		EB87FDF31871DA8E0020F90C /* www */ = {isa = PBXFileReference; lastKnownFileType = folder; name = www; path = ../../www; sourceTree = "<group>"; };
		EB87FDF41871DAF40020F90C /* config.xml */ = {isa = PBXFileReference; lastKnownFileType = text.xml; name = config.xml; path = ../../config.xml; sourceTree = "<group>"; };
		F840E1F0165FE0F500CFE078 /* config.xml */ = {isa = PBXFileReference; lastKnownFileType = text.xml; name = config.xml; path = "VidyaMantra/config.xml"; sourceTree = "<group>"; };
		ED33DF2A687741AEAF9F8254 /* Bridging-Header.h */ = {isa = PBXFileReference; fileEncoding = 4; lastKnownFileType = sourcecode.c.h; name = "Bridging-Header.h"; path = "Bridging-Header.h"; sourceTree = "<group>"; };
		4E4A13103C2146169A34269D /* CDVClipboard.m */ = {isa = PBXFileReference; name = "CDVClipboard.m"; path = "cordova-clipboard/CDVClipboard.m"; sourceTree = "<group>"; fileEncoding = 4; lastKnownFileType = sourcecode.c.objc; explicitFileType = undefined; includeInIndex = 0; };
		E59005FF5932415799A2B33B /* CDVClipboard.h */ = {isa = PBXFileReference; name = "CDVClipboard.h"; path = "cordova-clipboard/CDVClipboard.h"; sourceTree = "<group>"; fileEncoding = 4; lastKnownFileType = sourcecode.c.h; explicitFileType = undefined; includeInIndex = 0; };
		E8DE076155E54007B5E1BF9B /* AppDelegate+APPAppEvent.m */ = {isa = PBXFileReference; name = "AppDelegate+APPAppEvent.m"; path = "cordova-plugin-app-event/AppDelegate+APPAppEvent.m"; sourceTree = "<group>"; fileEncoding = 4; lastKnownFileType = sourcecode.c.objc; explicitFileType = undefined; includeInIndex = 0; };
		4E900CC0BF2D475E802DCD1C /* CDVPlugin+APPAppEvent.m */ = {isa = PBXFileReference; name = "CDVPlugin+APPAppEvent.m"; path = "cordova-plugin-app-event/CDVPlugin+APPAppEvent.m"; sourceTree = "<group>"; fileEncoding = 4; lastKnownFileType = sourcecode.c.objc; explicitFileType = undefined; includeInIndex = 0; };
		2DAC97260F404FDFB906ECCB /* AppDelegate+APPAppEvent.h */ = {isa = PBXFileReference; name = "AppDelegate+APPAppEvent.h"; path = "cordova-plugin-app-event/AppDelegate+APPAppEvent.h"; sourceTree = "<group>"; fileEncoding = 4; lastKnownFileType = sourcecode.c.h; explicitFileType = undefined; includeInIndex = 0; };
		5E94FCA4344A4589857190DA /* CDVPlugin+APPAppEvent.h */ = {isa = PBXFileReference; name = "CDVPlugin+APPAppEvent.h"; path = "cordova-plugin-app-event/CDVPlugin+APPAppEvent.h"; sourceTree = "<group>"; fileEncoding = 4; lastKnownFileType = sourcecode.c.h; explicitFileType = undefined; includeInIndex = 0; };
		3AF434AF715F4B81900F9162 /* APPAppEventDelegate.h */ = {isa = PBXFileReference; name = "APPAppEventDelegate.h"; path = "cordova-plugin-app-event/APPAppEventDelegate.h"; sourceTree = "<group>"; fileEncoding = 4; lastKnownFileType = sourcecode.c.h; explicitFileType = undefined; includeInIndex = 0; };
		7B5EE0D593A846B7A5F7D1A4 /* APPBadge.m */ = {isa = PBXFileReference; name = "APPBadge.m"; path = "cordova-plugin-badge/APPBadge.m"; sourceTree = "<group>"; fileEncoding = 4; lastKnownFileType = sourcecode.c.objc; explicitFileType = undefined; includeInIndex = 0; };
		7AD4BF6C129A45B3BCE336E4 /* APPBadge.h */ = {isa = PBXFileReference; name = "APPBadge.h"; path = "cordova-plugin-badge/APPBadge.h"; sourceTree = "<group>"; fileEncoding = 4; lastKnownFileType = sourcecode.c.h; explicitFileType = undefined; includeInIndex = 0; };
		4EDD9B0965664A528EA460D1 /* UIImage+CropScaleOrientation.m */ = {isa = PBXFileReference; name = "UIImage+CropScaleOrientation.m"; path = "cordova-plugin-camera/UIImage+CropScaleOrientation.m"; sourceTree = "<group>"; fileEncoding = 4; lastKnownFileType = sourcecode.c.objc; explicitFileType = undefined; includeInIndex = 0; };
		73E9CABF0BC9423FB322B620 /* CDVCamera.m */ = {isa = PBXFileReference; name = "CDVCamera.m"; path = "cordova-plugin-camera/CDVCamera.m"; sourceTree = "<group>"; fileEncoding = 4; lastKnownFileType = sourcecode.c.objc; explicitFileType = undefined; includeInIndex = 0; };
		06FB51207319411899D76FE9 /* CDVJpegHeaderWriter.m */ = {isa = PBXFileReference; name = "CDVJpegHeaderWriter.m"; path = "cordova-plugin-camera/CDVJpegHeaderWriter.m"; sourceTree = "<group>"; fileEncoding = 4; lastKnownFileType = sourcecode.c.objc; explicitFileType = undefined; includeInIndex = 0; };
		033B80619B9B4597A7753520 /* UIImage+CropScaleOrientation.h */ = {isa = PBXFileReference; name = "UIImage+CropScaleOrientation.h"; path = "cordova-plugin-camera/UIImage+CropScaleOrientation.h"; sourceTree = "<group>"; fileEncoding = 4; lastKnownFileType = sourcecode.c.h; explicitFileType = undefined; includeInIndex = 0; };
		E86A9C692ECB4AD1B61A060B /* CDVCamera.h */ = {isa = PBXFileReference; name = "CDVCamera.h"; path = "cordova-plugin-camera/CDVCamera.h"; sourceTree = "<group>"; fileEncoding = 4; lastKnownFileType = sourcecode.c.h; explicitFileType = undefined; includeInIndex = 0; };
		56F062399B074F9F8A31C862 /* CDVJpegHeaderWriter.h */ = {isa = PBXFileReference; name = "CDVJpegHeaderWriter.h"; path = "cordova-plugin-camera/CDVJpegHeaderWriter.h"; sourceTree = "<group>"; fileEncoding = 4; lastKnownFileType = sourcecode.c.h; explicitFileType = undefined; includeInIndex = 0; };
		778537BA675A4FBF9D09B4CA /* CDVExif.h */ = {isa = PBXFileReference; name = "CDVExif.h"; path = "cordova-plugin-camera/CDVExif.h"; sourceTree = "<group>"; fileEncoding = 4; lastKnownFileType = sourcecode.c.h; explicitFileType = undefined; includeInIndex = 0; };
		3F14F296D0E045DA905B7AE9 /* ImageIO.framework */ = {isa = PBXFileReference; name = "ImageIO.framework"; path = "System/Library/Frameworks/ImageIO.framework"; sourceTree = SDKROOT; fileEncoding = undefined; lastKnownFileType = wrapper.framework; explicitFileType = undefined; includeInIndex = 0; };
		C586F3745EA342B6B02D130C /* CoreLocation.framework */ = {isa = PBXFileReference; name = "CoreLocation.framework"; path = "System/Library/Frameworks/CoreLocation.framework"; sourceTree = SDKROOT; fileEncoding = undefined; lastKnownFileType = wrapper.framework; explicitFileType = undefined; includeInIndex = 0; };
		01A76508F2204F4AB28807FC /* AVFoundation.framework */ = {isa = PBXFileReference; name = "AVFoundation.framework"; path = "System/Library/Frameworks/AVFoundation.framework"; sourceTree = SDKROOT; fileEncoding = undefined; lastKnownFileType = wrapper.framework; explicitFileType = undefined; includeInIndex = 0; };
		F0DABCD487994E74B59A64F7 /* CDVDevice.m */ = {isa = PBXFileReference; name = "CDVDevice.m"; path = "cordova-plugin-device/CDVDevice.m"; sourceTree = "<group>"; fileEncoding = 4; lastKnownFileType = sourcecode.c.objc; explicitFileType = undefined; includeInIndex = 0; };
		4946C9ADE09F4FD588CA2E64 /* CDVDevice.h */ = {isa = PBXFileReference; name = "CDVDevice.h"; path = "cordova-plugin-device/CDVDevice.h"; sourceTree = "<group>"; fileEncoding = 4; lastKnownFileType = sourcecode.c.h; explicitFileType = undefined; includeInIndex = 0; };
		DEFBFAAFA12D4DF5974A42A8 /* CDVFile.m */ = {isa = PBXFileReference; name = "CDVFile.m"; path = "cordova-plugin-file/CDVFile.m"; sourceTree = "<group>"; fileEncoding = 4; lastKnownFileType = sourcecode.c.objc; explicitFileType = undefined; includeInIndex = 0; };
		8C6482182A38429ABAEE5435 /* CDVLocalFilesystem.m */ = {isa = PBXFileReference; name = "CDVLocalFilesystem.m"; path = "cordova-plugin-file/CDVLocalFilesystem.m"; sourceTree = "<group>"; fileEncoding = 4; lastKnownFileType = sourcecode.c.objc; explicitFileType = undefined; includeInIndex = 0; };
		66B3E8C008304D818590645B /* CDVAssetLibraryFilesystem.m */ = {isa = PBXFileReference; name = "CDVAssetLibraryFilesystem.m"; path = "cordova-plugin-file/CDVAssetLibraryFilesystem.m"; sourceTree = "<group>"; fileEncoding = 4; lastKnownFileType = sourcecode.c.objc; explicitFileType = undefined; includeInIndex = 0; };
		9BBE2E367237464595F6FAF5 /* CDVFile.h */ = {isa = PBXFileReference; name = "CDVFile.h"; path = "cordova-plugin-file/CDVFile.h"; sourceTree = "<group>"; fileEncoding = 4; lastKnownFileType = sourcecode.c.h; explicitFileType = undefined; includeInIndex = 0; };
		E86572ECDBEA468D95E21BEC /* CDVLocalFilesystem.h */ = {isa = PBXFileReference; name = "CDVLocalFilesystem.h"; path = "cordova-plugin-file/CDVLocalFilesystem.h"; sourceTree = "<group>"; fileEncoding = 4; lastKnownFileType = sourcecode.c.h; explicitFileType = undefined; includeInIndex = 0; };
		B74E7C6E7864460990E9C193 /* CDVAssetLibraryFilesystem.h */ = {isa = PBXFileReference; name = "CDVAssetLibraryFilesystem.h"; path = "cordova-plugin-file/CDVAssetLibraryFilesystem.h"; sourceTree = "<group>"; fileEncoding = 4; lastKnownFileType = sourcecode.c.h; explicitFileType = undefined; includeInIndex = 0; };
		8035BBDC19064B4A96F73319 /* FileOpener2.m */ = {isa = PBXFileReference; name = "FileOpener2.m"; path = "cordova-plugin-file-opener2/FileOpener2.m"; sourceTree = "<group>"; fileEncoding = 4; lastKnownFileType = sourcecode.c.objc; explicitFileType = undefined; includeInIndex = 0; };
		C64BC54786DD425992DEDED0 /* FileOpener2.h */ = {isa = PBXFileReference; name = "FileOpener2.h"; path = "cordova-plugin-file-opener2/FileOpener2.h"; sourceTree = "<group>"; fileEncoding = 4; lastKnownFileType = sourcecode.c.h; explicitFileType = undefined; includeInIndex = 0; };
		D7124D1C08B64007A373AED5 /* CDVFileTransfer.m */ = {isa = PBXFileReference; name = "CDVFileTransfer.m"; path = "cordova-plugin-file-transfer/CDVFileTransfer.m"; sourceTree = "<group>"; fileEncoding = 4; lastKnownFileType = sourcecode.c.objc; explicitFileType = undefined; includeInIndex = 0; };
		248D6DEC907E4B709010C8EA /* CDVFileTransfer.h */ = {isa = PBXFileReference; name = "CDVFileTransfer.h"; path = "cordova-plugin-file-transfer/CDVFileTransfer.h"; sourceTree = "<group>"; fileEncoding = 4; lastKnownFileType = sourcecode.c.h; explicitFileType = undefined; includeInIndex = 0; };
		DE3D323D59294970875CA05E /* CDVGlobalization.m */ = {isa = PBXFileReference; name = "CDVGlobalization.m"; path = "cordova-plugin-globalization/CDVGlobalization.m"; sourceTree = "<group>"; fileEncoding = 4; lastKnownFileType = sourcecode.c.objc; explicitFileType = undefined; includeInIndex = 0; };
		20571E03DEF14C7FB706D117 /* CDVGlobalization.h */ = {isa = PBXFileReference; name = "CDVGlobalization.h"; path = "cordova-plugin-globalization/CDVGlobalization.h"; sourceTree = "<group>"; fileEncoding = 4; lastKnownFileType = sourcecode.c.h; explicitFileType = undefined; includeInIndex = 0; };
		8C21ACD25BD4455BB40640E5 /* CDVInAppBrowser.m */ = {isa = PBXFileReference; name = "CDVInAppBrowser.m"; path = "cordova-plugin-inappbrowser/CDVInAppBrowser.m"; sourceTree = "<group>"; fileEncoding = 4; lastKnownFileType = sourcecode.c.objc; explicitFileType = undefined; includeInIndex = 0; };
		07C9C3463F2B4EF881CB791D /* CDVInAppBrowser.h */ = {isa = PBXFileReference; name = "CDVInAppBrowser.h"; path = "cordova-plugin-inappbrowser/CDVInAppBrowser.h"; sourceTree = "<group>"; fileEncoding = 4; lastKnownFileType = sourcecode.c.h; explicitFileType = undefined; includeInIndex = 0; };
		16F59CBE84FB462D86C94C1D /* APPLocalNotification.m */ = {isa = PBXFileReference; name = "APPLocalNotification.m"; path = "cordova-plugin-local-notifications-mm/APPLocalNotification.m"; sourceTree = "<group>"; fileEncoding = 4; lastKnownFileType = sourcecode.c.objc; explicitFileType = undefined; includeInIndex = 0; };
		CCD45337A4034E1F835E072A /* APPLocalNotificationOptions.m */ = {isa = PBXFileReference; name = "APPLocalNotificationOptions.m"; path = "cordova-plugin-local-notifications-mm/APPLocalNotificationOptions.m"; sourceTree = "<group>"; fileEncoding = 4; lastKnownFileType = sourcecode.c.objc; explicitFileType = undefined; includeInIndex = 0; };
		6340D4FBDEBA486B8DEBD2D9 /* UNUserNotificationCenter+APPLocalNotification.m */ = {isa = PBXFileReference; name = "UNUserNotificationCenter+APPLocalNotification.m"; path = "cordova-plugin-local-notifications-mm/UNUserNotificationCenter+APPLocalNotification.m"; sourceTree = "<group>"; fileEncoding = 4; lastKnownFileType = sourcecode.c.objc; explicitFileType = undefined; includeInIndex = 0; };
		EC57828AA3C44B51BE43F4C2 /* UNMutableNotificationContent+APPLocalNotification.m */ = {isa = PBXFileReference; name = "UNMutableNotificationContent+APPLocalNotification.m"; path = "cordova-plugin-local-notifications-mm/UNMutableNotificationContent+APPLocalNotification.m"; sourceTree = "<group>"; fileEncoding = 4; lastKnownFileType = sourcecode.c.objc; explicitFileType = undefined; includeInIndex = 0; };
		FF1B8AFE348E4710834FD9C0 /* UNNotificationRequest+APPLocalNotification.m */ = {isa = PBXFileReference; name = "UNNotificationRequest+APPLocalNotification.m"; path = "cordova-plugin-local-notifications-mm/UNNotificationRequest+APPLocalNotification.m"; sourceTree = "<group>"; fileEncoding = 4; lastKnownFileType = sourcecode.c.objc; explicitFileType = undefined; includeInIndex = 0; };
		8B2B94C3738F4C088794C6ED /* APPLocalNotificationOptions.ios9.m */ = {isa = PBXFileReference; name = "APPLocalNotificationOptions.ios9.m"; path = "cordova-plugin-local-notifications-mm/APPLocalNotificationOptions.ios9.m"; sourceTree = "<group>"; fileEncoding = 4; lastKnownFileType = sourcecode.c.objc; explicitFileType = undefined; includeInIndex = 0; };
		ED1EF162EC5D4FC5A1371A4C /* UIApplication+APPLocalNotification.ios9.m */ = {isa = PBXFileReference; name = "UIApplication+APPLocalNotification.ios9.m"; path = "cordova-plugin-local-notifications-mm/UIApplication+APPLocalNotification.ios9.m"; sourceTree = "<group>"; fileEncoding = 4; lastKnownFileType = sourcecode.c.objc; explicitFileType = undefined; includeInIndex = 0; };
		8559E34D591C4DE78E3A9DBA /* UILocalNotification+APPLocalNotification.ios9.m */ = {isa = PBXFileReference; name = "UILocalNotification+APPLocalNotification.ios9.m"; path = "cordova-plugin-local-notifications-mm/UILocalNotification+APPLocalNotification.ios9.m"; sourceTree = "<group>"; fileEncoding = 4; lastKnownFileType = sourcecode.c.objc; explicitFileType = undefined; includeInIndex = 0; };
		D87B398AB95C482489164F1C /* APPLocalNotification.h */ = {isa = PBXFileReference; name = "APPLocalNotification.h"; path = "cordova-plugin-local-notifications-mm/APPLocalNotification.h"; sourceTree = "<group>"; fileEncoding = 4; lastKnownFileType = sourcecode.c.h; explicitFileType = undefined; includeInIndex = 0; };
		22B904ECF822402A93420613 /* APPLocalNotificationOptions.h */ = {isa = PBXFileReference; name = "APPLocalNotificationOptions.h"; path = "cordova-plugin-local-notifications-mm/APPLocalNotificationOptions.h"; sourceTree = "<group>"; fileEncoding = 4; lastKnownFileType = sourcecode.c.h; explicitFileType = undefined; includeInIndex = 0; };
		DBC7800F9DD448978F016192 /* UNUserNotificationCenter+APPLocalNotification.h */ = {isa = PBXFileReference; name = "UNUserNotificationCenter+APPLocalNotification.h"; path = "cordova-plugin-local-notifications-mm/UNUserNotificationCenter+APPLocalNotification.h"; sourceTree = "<group>"; fileEncoding = 4; lastKnownFileType = sourcecode.c.h; explicitFileType = undefined; includeInIndex = 0; };
		FE4A654B7ECB41499911F81D /* UNMutableNotificationContent+APPLocalNotification.h */ = {isa = PBXFileReference; name = "UNMutableNotificationContent+APPLocalNotification.h"; path = "cordova-plugin-local-notifications-mm/UNMutableNotificationContent+APPLocalNotification.h"; sourceTree = "<group>"; fileEncoding = 4; lastKnownFileType = sourcecode.c.h; explicitFileType = undefined; includeInIndex = 0; };
		01C9BEE681264D2687F538A5 /* UNNotificationRequest+APPLocalNotification.h */ = {isa = PBXFileReference; name = "UNNotificationRequest+APPLocalNotification.h"; path = "cordova-plugin-local-notifications-mm/UNNotificationRequest+APPLocalNotification.h"; sourceTree = "<group>"; fileEncoding = 4; lastKnownFileType = sourcecode.c.h; explicitFileType = undefined; includeInIndex = 0; };
		20C7A292653E4893B19DD5BA /* APPLocalNotificationOptions.ios9.h */ = {isa = PBXFileReference; name = "APPLocalNotificationOptions.ios9.h"; path = "cordova-plugin-local-notifications-mm/APPLocalNotificationOptions.ios9.h"; sourceTree = "<group>"; fileEncoding = 4; lastKnownFileType = sourcecode.c.h; explicitFileType = undefined; includeInIndex = 0; };
		FBA7999591C84AE99F5064B5 /* UIApplication+APPLocalNotification.ios9.h */ = {isa = PBXFileReference; name = "UIApplication+APPLocalNotification.ios9.h"; path = "cordova-plugin-local-notifications-mm/UIApplication+APPLocalNotification.ios9.h"; sourceTree = "<group>"; fileEncoding = 4; lastKnownFileType = sourcecode.c.h; explicitFileType = undefined; includeInIndex = 0; };
		30FFE6D1D4B34D57927E936C /* UILocalNotification+APPLocalNotification.ios9.h */ = {isa = PBXFileReference; name = "UILocalNotification+APPLocalNotification.ios9.h"; path = "cordova-plugin-local-notifications-mm/UILocalNotification+APPLocalNotification.ios9.h"; sourceTree = "<group>"; fileEncoding = 4; lastKnownFileType = sourcecode.c.h; explicitFileType = undefined; includeInIndex = 0; };
		A6517958F1A34226AA9733AD /* UserNotifications.framework */ = {isa = PBXFileReference; name = "UserNotifications.framework"; path = "System/Library/Frameworks/UserNotifications.framework"; sourceTree = SDKROOT; fileEncoding = undefined; lastKnownFileType = wrapper.framework; explicitFileType = undefined; includeInIndex = 0; };
		2B08B255CB854C7BAA8D7CDC /* CDVCapture.m */ = {isa = PBXFileReference; name = "CDVCapture.m"; path = "cordova-plugin-media-capture/CDVCapture.m"; sourceTree = "<group>"; fileEncoding = 4; lastKnownFileType = sourcecode.c.objc; explicitFileType = undefined; includeInIndex = 0; };
		C4AC734B6F2B480B89AFC259 /* CDVCapture.h */ = {isa = PBXFileReference; name = "CDVCapture.h"; path = "cordova-plugin-media-capture/CDVCapture.h"; sourceTree = "<group>"; fileEncoding = 4; lastKnownFileType = sourcecode.c.h; explicitFileType = undefined; includeInIndex = 0; };
		A5BC51A640984E92903A895F /* CDVCapture.bundle */ = {isa = PBXFileReference; name = "CDVCapture.bundle"; path = "CDVCapture.bundle"; sourceTree = "<group>"; fileEncoding = undefined; lastKnownFileType = wrapper.plug-in; explicitFileType = undefined; includeInIndex = 0; };
		1E451C3C27C54884B80DF9D8 /* CDVConnection.m */ = {isa = PBXFileReference; name = "CDVConnection.m"; path = "cordova-plugin-network-information/CDVConnection.m"; sourceTree = "<group>"; fileEncoding = 4; lastKnownFileType = sourcecode.c.objc; explicitFileType = undefined; includeInIndex = 0; };
		29DDFBEF516544BAA41F1E84 /* CDVReachability.m */ = {isa = PBXFileReference; name = "CDVReachability.m"; path = "cordova-plugin-network-information/CDVReachability.m"; sourceTree = "<group>"; fileEncoding = 4; lastKnownFileType = sourcecode.c.objc; explicitFileType = undefined; includeInIndex = 0; };
		184380CAFB404348B776808B /* CDVConnection.h */ = {isa = PBXFileReference; name = "CDVConnection.h"; path = "cordova-plugin-network-information/CDVConnection.h"; sourceTree = "<group>"; fileEncoding = 4; lastKnownFileType = sourcecode.c.h; explicitFileType = undefined; includeInIndex = 0; };
		86FC61AF7394448FA07068DA /* CDVReachability.h */ = {isa = PBXFileReference; name = "CDVReachability.h"; path = "cordova-plugin-network-information/CDVReachability.h"; sourceTree = "<group>"; fileEncoding = 4; lastKnownFileType = sourcecode.c.h; explicitFileType = undefined; includeInIndex = 0; };
		2309E76A4E0541D08B52F1D8 /* SystemConfiguration.framework */ = {isa = PBXFileReference; name = "SystemConfiguration.framework"; path = "System/Library/Frameworks/SystemConfiguration.framework"; sourceTree = SDKROOT; fileEncoding = undefined; lastKnownFileType = wrapper.framework; explicitFileType = undefined; includeInIndex = 0; };
		EB3F8EC08FDD4637985F2CCC /* CoreTelephony.framework */ = {isa = PBXFileReference; name = "CoreTelephony.framework"; path = "System/Library/Frameworks/CoreTelephony.framework"; sourceTree = SDKROOT; fileEncoding = undefined; lastKnownFileType = wrapper.framework; explicitFileType = undefined; includeInIndex = 0; };
		1A8A8CE56757471CBFC6D58E /* CDVSplashScreen.m */ = {isa = PBXFileReference; name = "CDVSplashScreen.m"; path = "cordova-plugin-splashscreen/CDVSplashScreen.m"; sourceTree = "<group>"; fileEncoding = 4; lastKnownFileType = sourcecode.c.objc; explicitFileType = undefined; includeInIndex = 0; };
		3F75B06132D74B9899242584 /* CDVViewController+SplashScreen.m */ = {isa = PBXFileReference; name = "CDVViewController+SplashScreen.m"; path = "cordova-plugin-splashscreen/CDVViewController+SplashScreen.m"; sourceTree = "<group>"; fileEncoding = 4; lastKnownFileType = sourcecode.c.objc; explicitFileType = undefined; includeInIndex = 0; };
		664070D9360F45BC8DC3A56B /* CDVSplashScreen.h */ = {isa = PBXFileReference; name = "CDVSplashScreen.h"; path = "cordova-plugin-splashscreen/CDVSplashScreen.h"; sourceTree = "<group>"; fileEncoding = 4; lastKnownFileType = sourcecode.c.h; explicitFileType = undefined; includeInIndex = 0; };
		DF715E075E7D451A82746218 /* CDVViewController+SplashScreen.h */ = {isa = PBXFileReference; name = "CDVViewController+SplashScreen.h"; path = "cordova-plugin-splashscreen/CDVViewController+SplashScreen.h"; sourceTree = "<group>"; fileEncoding = 4; lastKnownFileType = sourcecode.c.h; explicitFileType = undefined; includeInIndex = 0; };
		78B4E23D0AF64E70B5EE0947 /* CDVStatusBar.m */ = {isa = PBXFileReference; name = "CDVStatusBar.m"; path = "cordova-plugin-statusbar/CDVStatusBar.m"; sourceTree = "<group>"; fileEncoding = 4; lastKnownFileType = sourcecode.c.objc; explicitFileType = undefined; includeInIndex = 0; };
		6F7AF094B798463CBCED5120 /* CDVStatusBar.h */ = {isa = PBXFileReference; name = "CDVStatusBar.h"; path = "cordova-plugin-statusbar/CDVStatusBar.h"; sourceTree = "<group>"; fileEncoding = 4; lastKnownFileType = sourcecode.c.h; explicitFileType = undefined; includeInIndex = 0; };
		B559A29BCC7B40E78A170FD5 /* ZipPlugin.m */ = {isa = PBXFileReference; name = "ZipPlugin.m"; path = "cordova-plugin-zip/ZipPlugin.m"; sourceTree = "<group>"; fileEncoding = 4; lastKnownFileType = sourcecode.c.objc; explicitFileType = undefined; includeInIndex = 0; };
		6292E78D66F142C683324600 /* aescrypt.c */ = {isa = PBXFileReference; name = "aescrypt.c"; path = "cordova-plugin-zip/Plugins/aes/aescrypt.c"; sourceTree = "<group>"; fileEncoding = undefined; lastKnownFileType = unknown; explicitFileType = undefined; includeInIndex = 0; };
		C13225ABC2824EF3854686F7 /* aeskey.c */ = {isa = PBXFileReference; name = "aeskey.c"; path = "cordova-plugin-zip/Plugins/aes/aeskey.c"; sourceTree = "<group>"; fileEncoding = undefined; lastKnownFileType = unknown; explicitFileType = undefined; includeInIndex = 0; };
		20638096B9DA4A27918A2A07 /* aestab.c */ = {isa = PBXFileReference; name = "aestab.c"; path = "cordova-plugin-zip/Plugins/aes/aestab.c"; sourceTree = "<group>"; fileEncoding = undefined; lastKnownFileType = unknown; explicitFileType = undefined; includeInIndex = 0; };
		B1F4FD85EEE74411A3C6BDCD /* entropy.c */ = {isa = PBXFileReference; name = "entropy.c"; path = "cordova-plugin-zip/Plugins/aes/entropy.c"; sourceTree = "<group>"; fileEncoding = undefined; lastKnownFileType = unknown; explicitFileType = undefined; includeInIndex = 0; };
		06E47016416F4241823172B3 /* fileenc.c */ = {isa = PBXFileReference; name = "fileenc.c"; path = "cordova-plugin-zip/Plugins/aes/fileenc.c"; sourceTree = "<group>"; fileEncoding = undefined; lastKnownFileType = unknown; explicitFileType = undefined; includeInIndex = 0; };
		CEDA34696320483C953D3D4D /* hmac.c */ = {isa = PBXFileReference; name = "hmac.c"; path = "cordova-plugin-zip/Plugins/aes/hmac.c"; sourceTree = "<group>"; fileEncoding = undefined; lastKnownFileType = unknown; explicitFileType = undefined; includeInIndex = 0; };
		9A08ABB251DE4DF4BDAEEF94 /* prng.c */ = {isa = PBXFileReference; name = "prng.c"; path = "cordova-plugin-zip/Plugins/aes/prng.c"; sourceTree = "<group>"; fileEncoding = undefined; lastKnownFileType = unknown; explicitFileType = undefined; includeInIndex = 0; };
		3F12B5952CB044D0A37A3AA2 /* pwd2key.c */ = {isa = PBXFileReference; name = "pwd2key.c"; path = "cordova-plugin-zip/Plugins/aes/pwd2key.c"; sourceTree = "<group>"; fileEncoding = undefined; lastKnownFileType = unknown; explicitFileType = undefined; includeInIndex = 0; };
		6E61D8AEA8FA40D1AE52EAEA /* sha1.c */ = {isa = PBXFileReference; name = "sha1.c"; path = "cordova-plugin-zip/Plugins/aes/sha1.c"; sourceTree = "<group>"; fileEncoding = undefined; lastKnownFileType = unknown; explicitFileType = undefined; includeInIndex = 0; };
		CABB6643B1204ABFB975CE1A /* SSZipArchive.m */ = {isa = PBXFileReference; name = "SSZipArchive.m"; path = "cordova-plugin-zip/Plugins/minizip/SSZipArchive.m"; sourceTree = "<group>"; fileEncoding = 4; lastKnownFileType = sourcecode.c.objc; explicitFileType = undefined; includeInIndex = 0; };
		1BFC20F296FA4277A2A63E58 /* zip.c */ = {isa = PBXFileReference; name = "zip.c"; path = "cordova-plugin-zip/Plugins/minizip/zip.c"; sourceTree = "<group>"; fileEncoding = undefined; lastKnownFileType = unknown; explicitFileType = undefined; includeInIndex = 0; };
		4670185C3E5E42F987635E69 /* unzip.c */ = {isa = PBXFileReference; name = "unzip.c"; path = "cordova-plugin-zip/Plugins/minizip/unzip.c"; sourceTree = "<group>"; fileEncoding = undefined; lastKnownFileType = unknown; explicitFileType = undefined; includeInIndex = 0; };
		B4DDEB4CD08D48029C535663 /* mztools.c */ = {isa = PBXFileReference; name = "mztools.c"; path = "cordova-plugin-zip/Plugins/minizip/mztools.c"; sourceTree = "<group>"; fileEncoding = undefined; lastKnownFileType = unknown; explicitFileType = undefined; includeInIndex = 0; };
		812064A98136421B9966AA68 /* ioapi.c */ = {isa = PBXFileReference; name = "ioapi.c"; path = "cordova-plugin-zip/Plugins/minizip/ioapi.c"; sourceTree = "<group>"; fileEncoding = undefined; lastKnownFileType = unknown; explicitFileType = undefined; includeInIndex = 0; };
		E9878132A12A429594F33773 /* ZipPlugin.h */ = {isa = PBXFileReference; name = "ZipPlugin.h"; path = "cordova-plugin-zip/ZipPlugin.h"; sourceTree = "<group>"; fileEncoding = 4; lastKnownFileType = sourcecode.c.h; explicitFileType = undefined; includeInIndex = 0; };
		CB563977B73F4B309F5A79A6 /* Common.h */ = {isa = PBXFileReference; name = "Common.h"; path = "cordova-plugin-zip/Common.h"; sourceTree = "<group>"; fileEncoding = 4; lastKnownFileType = sourcecode.c.h; explicitFileType = undefined; includeInIndex = 0; };
		53436E0F84C545049430E5FF /* aes.h */ = {isa = PBXFileReference; name = "aes.h"; path = "cordova-plugin-zip/Plugins/aes/aes.h"; sourceTree = "<group>"; fileEncoding = 4; lastKnownFileType = sourcecode.c.h; explicitFileType = undefined; includeInIndex = 0; };
		3CEAD50CE1574E4D81B148CE /* aes_via_ace.h */ = {isa = PBXFileReference; name = "aes_via_ace.h"; path = "cordova-plugin-zip/Plugins/aes/aes_via_ace.h"; sourceTree = "<group>"; fileEncoding = 4; lastKnownFileType = sourcecode.c.h; explicitFileType = undefined; includeInIndex = 0; };
		341E244A0AA14B4D85E9C7DD /* aesopt.h */ = {isa = PBXFileReference; name = "aesopt.h"; path = "cordova-plugin-zip/Plugins/aes/aesopt.h"; sourceTree = "<group>"; fileEncoding = 4; lastKnownFileType = sourcecode.c.h; explicitFileType = undefined; includeInIndex = 0; };
		E896CAF80E7B4932A50D8CA0 /* aestab.h */ = {isa = PBXFileReference; name = "aestab.h"; path = "cordova-plugin-zip/Plugins/aes/aestab.h"; sourceTree = "<group>"; fileEncoding = 4; lastKnownFileType = sourcecode.c.h; explicitFileType = undefined; includeInIndex = 0; };
		6AC6D8A1E6C54DE48BA6C5AC /* brg_endian.h */ = {isa = PBXFileReference; name = "brg_endian.h"; path = "cordova-plugin-zip/Plugins/aes/brg_endian.h"; sourceTree = "<group>"; fileEncoding = 4; lastKnownFileType = sourcecode.c.h; explicitFileType = undefined; includeInIndex = 0; };
		CA4694A7BD4341029CF82071 /* brg_types.h */ = {isa = PBXFileReference; name = "brg_types.h"; path = "cordova-plugin-zip/Plugins/aes/brg_types.h"; sourceTree = "<group>"; fileEncoding = 4; lastKnownFileType = sourcecode.c.h; explicitFileType = undefined; includeInIndex = 0; };
		DCDA97BE875C4FFFA9718425 /* entropy.h */ = {isa = PBXFileReference; name = "entropy.h"; path = "cordova-plugin-zip/Plugins/aes/entropy.h"; sourceTree = "<group>"; fileEncoding = 4; lastKnownFileType = sourcecode.c.h; explicitFileType = undefined; includeInIndex = 0; };
		98900A59521A4E5B9D6014D4 /* fileenc.h */ = {isa = PBXFileReference; name = "fileenc.h"; path = "cordova-plugin-zip/Plugins/aes/fileenc.h"; sourceTree = "<group>"; fileEncoding = 4; lastKnownFileType = sourcecode.c.h; explicitFileType = undefined; includeInIndex = 0; };
		9D9EC923046D47EF994E7E94 /* hmac.h */ = {isa = PBXFileReference; name = "hmac.h"; path = "cordova-plugin-zip/Plugins/aes/hmac.h"; sourceTree = "<group>"; fileEncoding = 4; lastKnownFileType = sourcecode.c.h; explicitFileType = undefined; includeInIndex = 0; };
		F5CC65FCB1A74283B3182384 /* prng.h */ = {isa = PBXFileReference; name = "prng.h"; path = "cordova-plugin-zip/Plugins/aes/prng.h"; sourceTree = "<group>"; fileEncoding = 4; lastKnownFileType = sourcecode.c.h; explicitFileType = undefined; includeInIndex = 0; };
		CB68A35B08A34617BBAF3193 /* pwd2key.h */ = {isa = PBXFileReference; name = "pwd2key.h"; path = "cordova-plugin-zip/Plugins/aes/pwd2key.h"; sourceTree = "<group>"; fileEncoding = 4; lastKnownFileType = sourcecode.c.h; explicitFileType = undefined; includeInIndex = 0; };
		1A20EDA42C26480690880C5A /* sha1.h */ = {isa = PBXFileReference; name = "sha1.h"; path = "cordova-plugin-zip/Plugins/aes/sha1.h"; sourceTree = "<group>"; fileEncoding = 4; lastKnownFileType = sourcecode.c.h; explicitFileType = undefined; includeInIndex = 0; };
		6DBF8E3F95B741EDB1653234 /* SSZipArchive.h */ = {isa = PBXFileReference; name = "SSZipArchive.h"; path = "cordova-plugin-zip/Plugins/minizip/SSZipArchive.h"; sourceTree = "<group>"; fileEncoding = 4; lastKnownFileType = sourcecode.c.h; explicitFileType = undefined; includeInIndex = 0; };
		E2AF72198FA64A0193D34A8F /* zip.h */ = {isa = PBXFileReference; name = "zip.h"; path = "cordova-plugin-zip/Plugins/minizip/zip.h"; sourceTree = "<group>"; fileEncoding = 4; lastKnownFileType = sourcecode.c.h; explicitFileType = undefined; includeInIndex = 0; };
		832E91E7EF3B49DCBE9B02FF /* unzip.h */ = {isa = PBXFileReference; name = "unzip.h"; path = "cordova-plugin-zip/Plugins/minizip/unzip.h"; sourceTree = "<group>"; fileEncoding = 4; lastKnownFileType = sourcecode.c.h; explicitFileType = undefined; includeInIndex = 0; };
		7B9C866DFB0446B89168057D /* mztools.h */ = {isa = PBXFileReference; name = "mztools.h"; path = "cordova-plugin-zip/Plugins/minizip/mztools.h"; sourceTree = "<group>"; fileEncoding = 4; lastKnownFileType = sourcecode.c.h; explicitFileType = undefined; includeInIndex = 0; };
		61227FE75109444BAC4EC978 /* ioapi.h */ = {isa = PBXFileReference; name = "ioapi.h"; path = "cordova-plugin-zip/Plugins/minizip/ioapi.h"; sourceTree = "<group>"; fileEncoding = 4; lastKnownFileType = sourcecode.c.h; explicitFileType = undefined; includeInIndex = 0; };
		0294EC015C474A9EAED57948 /* crypt.h */ = {isa = PBXFileReference; name = "crypt.h"; path = "cordova-plugin-zip/Plugins/minizip/crypt.h"; sourceTree = "<group>"; fileEncoding = 4; lastKnownFileType = sourcecode.c.h; explicitFileType = undefined; includeInIndex = 0; };
		4ACDF03BCD974AF1B2A873B1 /* libz.dylib */ = {isa = PBXFileReference; name = "libz.dylib"; path = "usr/lib/libz.dylib"; sourceTree = SDKROOT; fileEncoding = undefined; lastKnownFileType = compiled.mach-o.dylib; explicitFileType = undefined; includeInIndex = 0; };
		FB4C0FD43626437CA4A0F106 /* SQLitePlugin.m */ = {isa = PBXFileReference; name = "SQLitePlugin.m"; path = "cordova-sqlite-evcore-extbuild-free/SQLitePlugin.m"; sourceTree = "<group>"; fileEncoding = 4; lastKnownFileType = sourcecode.c.objc; explicitFileType = undefined; includeInIndex = 0; };
		7C5794E0F93F42CCAF148E8B /* PSPDFThreadSafeMutableDictionary.m */ = {isa = PBXFileReference; name = "PSPDFThreadSafeMutableDictionary.m"; path = "cordova-sqlite-evcore-extbuild-free/PSPDFThreadSafeMutableDictionary.m"; sourceTree = "<group>"; fileEncoding = 4; lastKnownFileType = sourcecode.c.objc; explicitFileType = undefined; includeInIndex = 0; };
		A6853CCC657A4C0B910D7961 /* sqlite3_regexp.c */ = {isa = PBXFileReference; name = "sqlite3_regexp.c"; path = "cordova-sqlite-evcore-extbuild-free/sqlite3_regexp.c"; sourceTree = "<group>"; fileEncoding = undefined; lastKnownFileType = unknown; explicitFileType = undefined; includeInIndex = 0; };
		4FE19FA66BC04C97A32F4F95 /* sqlite3_base64.c */ = {isa = PBXFileReference; name = "sqlite3_base64.c"; path = "cordova-sqlite-evcore-extbuild-free/sqlite3_base64.c"; sourceTree = "<group>"; fileEncoding = undefined; lastKnownFileType = unknown; explicitFileType = undefined; includeInIndex = 0; };
		C98EAAC93A4E42C5B9E4725C /* cencode.c */ = {isa = PBXFileReference; name = "cencode.c"; path = "cordova-sqlite-evcore-extbuild-free/cencode.c"; sourceTree = "<group>"; fileEncoding = undefined; lastKnownFileType = unknown; explicitFileType = undefined; includeInIndex = 0; };
		C44D5AA83F9C4D80B5C100E2 /* sqlite3.c */ = {isa = PBXFileReference; name = "sqlite3.c"; path = "cordova-sqlite-evcore-extbuild-free/sqlite3.c"; sourceTree = "<group>"; fileEncoding = undefined; lastKnownFileType = unknown; explicitFileType = undefined; includeInIndex = 0; };
		E3B71FF6444A482FA7439632 /* SQLitePlugin.h */ = {isa = PBXFileReference; name = "SQLitePlugin.h"; path = "cordova-sqlite-evcore-extbuild-free/SQLitePlugin.h"; sourceTree = "<group>"; fileEncoding = 4; lastKnownFileType = sourcecode.c.h; explicitFileType = undefined; includeInIndex = 0; };
		7C56715C3C6148E1A937BFFF /* PSPDFThreadSafeMutableDictionary.h */ = {isa = PBXFileReference; name = "PSPDFThreadSafeMutableDictionary.h"; path = "cordova-sqlite-evcore-extbuild-free/PSPDFThreadSafeMutableDictionary.h"; sourceTree = "<group>"; fileEncoding = 4; lastKnownFileType = sourcecode.c.h; explicitFileType = undefined; includeInIndex = 0; };
		4734493B88BD44B580C22856 /* sqlite3_regexp.h */ = {isa = PBXFileReference; name = "sqlite3_regexp.h"; path = "cordova-sqlite-evcore-extbuild-free/sqlite3_regexp.h"; sourceTree = "<group>"; fileEncoding = 4; lastKnownFileType = sourcecode.c.h; explicitFileType = undefined; includeInIndex = 0; };
		81D33C103FD04E14B648A38E /* sqlite3_base64.h */ = {isa = PBXFileReference; name = "sqlite3_base64.h"; path = "cordova-sqlite-evcore-extbuild-free/sqlite3_base64.h"; sourceTree = "<group>"; fileEncoding = 4; lastKnownFileType = sourcecode.c.h; explicitFileType = undefined; includeInIndex = 0; };
		00937DD02D1F4401A4144E89 /* cencode.h */ = {isa = PBXFileReference; name = "cencode.h"; path = "cordova-sqlite-evcore-extbuild-free/cencode.h"; sourceTree = "<group>"; fileEncoding = 4; lastKnownFileType = sourcecode.c.h; explicitFileType = undefined; includeInIndex = 0; };
		19B8F1F444D2486886145E5F /* sqlite3.h */ = {isa = PBXFileReference; name = "sqlite3.h"; path = "cordova-sqlite-evcore-extbuild-free/sqlite3.h"; sourceTree = "<group>"; fileEncoding = 4; lastKnownFileType = sourcecode.c.h; explicitFileType = undefined; includeInIndex = 0; };
		2B7323B566C048F1A3B23CA1 /* IonicKeyboard.m */ = {isa = PBXFileReference; name = "IonicKeyboard.m"; path = "ionic-plugin-keyboard/IonicKeyboard.m"; sourceTree = "<group>"; fileEncoding = 4; lastKnownFileType = sourcecode.c.objc; explicitFileType = undefined; includeInIndex = 0; };
		4C2679CB570946A3A0D24583 /* IonicKeyboard.h */ = {isa = PBXFileReference; name = "IonicKeyboard.h"; path = "ionic-plugin-keyboard/IonicKeyboard.h"; sourceTree = "<group>"; fileEncoding = 4; lastKnownFileType = sourcecode.c.h; explicitFileType = undefined; includeInIndex = 0; };
		06B27DF91F0046E285487C64 /* BackgroundAudio.m */ = {isa = PBXFileReference; name = "BackgroundAudio.m"; path = "nl.kingsquare.cordova.background-audio/BackgroundAudio.m"; sourceTree = "<group>"; fileEncoding = 4; lastKnownFileType = sourcecode.c.objc; explicitFileType = undefined; includeInIndex = 0; };
		83A8ED85737C47B5A959DC6B /* AppDelegate+notification.m */ = {isa = PBXFileReference; name = "AppDelegate+notification.m"; path = "phonegap-plugin-push/AppDelegate+notification.m"; sourceTree = "<group>"; fileEncoding = 4; lastKnownFileType = sourcecode.c.objc; explicitFileType = undefined; includeInIndex = 0; };
		2B035BC5B4C94070A3D02BCF /* PushPlugin.m */ = {isa = PBXFileReference; name = "PushPlugin.m"; path = "phonegap-plugin-push/PushPlugin.m"; sourceTree = "<group>"; fileEncoding = 4; lastKnownFileType = sourcecode.c.objc; explicitFileType = undefined; includeInIndex = 0; };
		86A6D17268FD4B9285826701 /* AppDelegate+notification.h */ = {isa = PBXFileReference; name = "AppDelegate+notification.h"; path = "phonegap-plugin-push/AppDelegate+notification.h"; sourceTree = "<group>"; fileEncoding = 4; lastKnownFileType = sourcecode.c.h; explicitFileType = undefined; includeInIndex = 0; };
		E27B9BE950294FF68F58E9EB /* PushPlugin.h */ = {isa = PBXFileReference; name = "PushPlugin.h"; path = "phonegap-plugin-push/PushPlugin.h"; sourceTree = "<group>"; fileEncoding = 4; lastKnownFileType = sourcecode.c.h; explicitFileType = undefined; includeInIndex = 0; };
		0BEDBB6DEB4D41AEB991F755 /* AddressBook.framework */ = {isa = PBXFileReference; name = "AddressBook.framework"; path = "System/Library/Frameworks/AddressBook.framework"; sourceTree = SDKROOT; fileEncoding = undefined; lastKnownFileType = wrapper.framework; explicitFileType = undefined; includeInIndex = 0; };
		9340D194381547AC83CDFFE0 /* libsqlite3.tbd */ = {isa = PBXFileReference; name = "libsqlite3.tbd"; path = "usr/lib/libsqlite3.tbd"; sourceTree = SDKROOT; fileEncoding = undefined; lastKnownFileType = sourcecode.text-based-dylib-definition; explicitFileType = undefined; includeInIndex = 0; };
		7187240274C244B1A9D83832 /* libz.tbd */ = {isa = PBXFileReference; name = "libz.tbd"; path = "usr/lib/libz.tbd"; sourceTree = SDKROOT; fileEncoding = undefined; lastKnownFileType = sourcecode.text-based-dylib-definition; explicitFileType = undefined; includeInIndex = 0; };
/* End PBXFileReference section */

/* Begin PBXFrameworksBuildPhase section */
		1D60588F0D05DD3D006BFB54 /* Frameworks */ = {
			isa = PBXFrameworksBuildPhase;
			buildActionMask = 2147483647;
			files = (
				301BF552109A68D80062928A /* libCordova.a in Frameworks */,
				F10083C8DFCC4C2EB69CD463 /* ImageIO.framework in Frameworks */,
				A488B089E1224005A95DD6C4 /* CoreLocation.framework in Frameworks */,
				92F89753A2B64390A2511198 /* AVFoundation.framework in Frameworks */,
				0C35CC708C2545CAACF2F0AC /* UserNotifications.framework in Frameworks */,
				B89481ABFC314C5B876A4FFC /* SystemConfiguration.framework in Frameworks */,
				6DFE06FD852B43C49419586A /* CoreTelephony.framework in Frameworks */,
				D1D433FA312348C281456B9E /* libz.dylib in Frameworks */,
				94905D5AF19944409204EC63 /* AddressBook.framework in Frameworks */,
				038B17B0286E4435BDA6455E /* libsqlite3.tbd in Frameworks */,
				21EC238F0EE8423E9978847C /* libz.tbd in Frameworks */,
			);
			runOnlyForDeploymentPostprocessing = 0;
		};
/* End PBXFrameworksBuildPhase section */

/* Begin PBXGroup section */
		080E96DDFE201D6D7F000001 /* Classes */ = {
			isa = PBXGroup;
			children = (
				302D95EE14D2391D003F00A1 /* MainViewController.h */,
				302D95EF14D2391D003F00A1 /* MainViewController.m */,
				302D95F014D2391D003F00A1 /* MainViewController.xib */,
				1D3623240D0F684500981E51 /* AppDelegate.h */,
				1D3623250D0F684500981E51 /* AppDelegate.m */,
			);
			name = Classes;
			path = "VidyaMantra/Classes";
			sourceTree = SOURCE_ROOT;
		};
		19C28FACFE9D520D11CA2CBB /* Products */ = {
			isa = PBXGroup;
			children = (
				1D6058910D05DD3D006BFB54 /* VidyaMantra.app */,
			);
			name = Products;
			sourceTree = "<group>";
		};
		29B97314FDCFA39411CA2CEA /* CustomTemplate */ = {
			isa = PBXGroup;
			children = (
				EB87FDF41871DAF40020F90C /* config.xml */,
				EB87FDF31871DA8E0020F90C /* www */,
				EB87FDF11871DA420020F90C /* Staging */,
				301BF52D109A57CC0062928A /* CordovaLib.xcodeproj */,
				080E96DDFE201D6D7F000001 /* Classes */,
				307C750510C5A3420062BCA9 /* Plugins */,
				29B97315FDCFA39411CA2CEA /* Other Sources */,
				29B97317FDCFA39411CA2CEA /* Resources */,
				29B97323FDCFA39411CA2CEA /* Frameworks */,
				19C28FACFE9D520D11CA2CBB /* Products */,
			);
			name = CustomTemplate;
			sourceTree = "<group>";
		};
		29B97315FDCFA39411CA2CEA /* Other Sources */ = {
			isa = PBXGroup;
			children = (
				32CA4F630368D1EE00C91783 /* VidyaMantra-Prefix.pch */,
				29B97316FDCFA39411CA2CEA /* main.m */,
				ED33DF2A687741AEAF9F8254 /* Bridging-Header.h */,
			);
			name = "Other Sources";
			path = "VidyaMantra";
			sourceTree = "<group>";
		};
		29B97317FDCFA39411CA2CEA /* Resources */ = {
			isa = PBXGroup;
			children = (
				0207DA571B56EA530066E2B4 /* Images.xcassets */,
				3047A50E1AB8057F00498E2A /* config */,
				8D1107310486CEB800E47090 /* VidyaMantra-Info.plist */,
				6AFF5BF81D6E424B00AB3073 /* CDVLaunchScreen.storyboard */,
				A5BC51A640984E92903A895F /* CDVCapture.bundle */,
			);
			name = Resources;
			path = "VidyaMantra/Resources";
			sourceTree = "<group>";
		};
		29B97323FDCFA39411CA2CEA /* Frameworks */ = {
			isa = PBXGroup;
			children = (
				3F14F296D0E045DA905B7AE9 /* ImageIO.framework */,
				C586F3745EA342B6B02D130C /* CoreLocation.framework */,
				01A76508F2204F4AB28807FC /* AVFoundation.framework */,
				A6517958F1A34226AA9733AD /* UserNotifications.framework */,
				2309E76A4E0541D08B52F1D8 /* SystemConfiguration.framework */,
				EB3F8EC08FDD4637985F2CCC /* CoreTelephony.framework */,
				4ACDF03BCD974AF1B2A873B1 /* libz.dylib */,
				0BEDBB6DEB4D41AEB991F755 /* AddressBook.framework */,
				9340D194381547AC83CDFFE0 /* libsqlite3.tbd */,
				7187240274C244B1A9D83832 /* libz.tbd */,
			);
			name = Frameworks;
			sourceTree = "<group>";
		};
		301BF52E109A57CC0062928A /* Products */ = {
			isa = PBXGroup;
			children = (
				301BF535109A57CC0062928A /* libCordova.a */,
			);
			name = Products;
			sourceTree = "<group>";
		};
		3047A50E1AB8057F00498E2A /* config */ = {
			isa = PBXGroup;
			children = (
				3047A50F1AB8059700498E2A /* build-debug.xcconfig */,
				3047A5101AB8059700498E2A /* build-release.xcconfig */,
				3047A5111AB8059700498E2A /* build.xcconfig */,
			);
			name = config;
			sourceTree = "<group>";
		};
		307C750510C5A3420062BCA9 /* Plugins */ = {
			isa = PBXGroup;
			children = (
				4E4A13103C2146169A34269D /* CDVClipboard.m */,
				E59005FF5932415799A2B33B /* CDVClipboard.h */,
				E8DE076155E54007B5E1BF9B /* AppDelegate+APPAppEvent.m */,
				4E900CC0BF2D475E802DCD1C /* CDVPlugin+APPAppEvent.m */,
				2DAC97260F404FDFB906ECCB /* AppDelegate+APPAppEvent.h */,
				5E94FCA4344A4589857190DA /* CDVPlugin+APPAppEvent.h */,
				3AF434AF715F4B81900F9162 /* APPAppEventDelegate.h */,
				7B5EE0D593A846B7A5F7D1A4 /* APPBadge.m */,
				7AD4BF6C129A45B3BCE336E4 /* APPBadge.h */,
				4EDD9B0965664A528EA460D1 /* UIImage+CropScaleOrientation.m */,
				73E9CABF0BC9423FB322B620 /* CDVCamera.m */,
				06FB51207319411899D76FE9 /* CDVJpegHeaderWriter.m */,
				033B80619B9B4597A7753520 /* UIImage+CropScaleOrientation.h */,
				E86A9C692ECB4AD1B61A060B /* CDVCamera.h */,
				56F062399B074F9F8A31C862 /* CDVJpegHeaderWriter.h */,
				778537BA675A4FBF9D09B4CA /* CDVExif.h */,
				F0DABCD487994E74B59A64F7 /* CDVDevice.m */,
				4946C9ADE09F4FD588CA2E64 /* CDVDevice.h */,
				DEFBFAAFA12D4DF5974A42A8 /* CDVFile.m */,
				8C6482182A38429ABAEE5435 /* CDVLocalFilesystem.m */,
				66B3E8C008304D818590645B /* CDVAssetLibraryFilesystem.m */,
				9BBE2E367237464595F6FAF5 /* CDVFile.h */,
				E86572ECDBEA468D95E21BEC /* CDVLocalFilesystem.h */,
				B74E7C6E7864460990E9C193 /* CDVAssetLibraryFilesystem.h */,
				8035BBDC19064B4A96F73319 /* FileOpener2.m */,
				C64BC54786DD425992DEDED0 /* FileOpener2.h */,
				D7124D1C08B64007A373AED5 /* CDVFileTransfer.m */,
				248D6DEC907E4B709010C8EA /* CDVFileTransfer.h */,
				DE3D323D59294970875CA05E /* CDVGlobalization.m */,
				20571E03DEF14C7FB706D117 /* CDVGlobalization.h */,
				8C21ACD25BD4455BB40640E5 /* CDVInAppBrowser.m */,
				07C9C3463F2B4EF881CB791D /* CDVInAppBrowser.h */,
				16F59CBE84FB462D86C94C1D /* APPLocalNotification.m */,
				CCD45337A4034E1F835E072A /* APPLocalNotificationOptions.m */,
				6340D4FBDEBA486B8DEBD2D9 /* UNUserNotificationCenter+APPLocalNotification.m */,
				EC57828AA3C44B51BE43F4C2 /* UNMutableNotificationContent+APPLocalNotification.m */,
				FF1B8AFE348E4710834FD9C0 /* UNNotificationRequest+APPLocalNotification.m */,
				8B2B94C3738F4C088794C6ED /* APPLocalNotificationOptions.ios9.m */,
				ED1EF162EC5D4FC5A1371A4C /* UIApplication+APPLocalNotification.ios9.m */,
				8559E34D591C4DE78E3A9DBA /* UILocalNotification+APPLocalNotification.ios9.m */,
				D87B398AB95C482489164F1C /* APPLocalNotification.h */,
				22B904ECF822402A93420613 /* APPLocalNotificationOptions.h */,
				DBC7800F9DD448978F016192 /* UNUserNotificationCenter+APPLocalNotification.h */,
				FE4A654B7ECB41499911F81D /* UNMutableNotificationContent+APPLocalNotification.h */,
				01C9BEE681264D2687F538A5 /* UNNotificationRequest+APPLocalNotification.h */,
				20C7A292653E4893B19DD5BA /* APPLocalNotificationOptions.ios9.h */,
				FBA7999591C84AE99F5064B5 /* UIApplication+APPLocalNotification.ios9.h */,
				30FFE6D1D4B34D57927E936C /* UILocalNotification+APPLocalNotification.ios9.h */,
				2B08B255CB854C7BAA8D7CDC /* CDVCapture.m */,
				C4AC734B6F2B480B89AFC259 /* CDVCapture.h */,
				1E451C3C27C54884B80DF9D8 /* CDVConnection.m */,
				29DDFBEF516544BAA41F1E84 /* CDVReachability.m */,
				184380CAFB404348B776808B /* CDVConnection.h */,
				86FC61AF7394448FA07068DA /* CDVReachability.h */,
				1A8A8CE56757471CBFC6D58E /* CDVSplashScreen.m */,
				3F75B06132D74B9899242584 /* CDVViewController+SplashScreen.m */,
				664070D9360F45BC8DC3A56B /* CDVSplashScreen.h */,
				DF715E075E7D451A82746218 /* CDVViewController+SplashScreen.h */,
				78B4E23D0AF64E70B5EE0947 /* CDVStatusBar.m */,
				6F7AF094B798463CBCED5120 /* CDVStatusBar.h */,
				B559A29BCC7B40E78A170FD5 /* ZipPlugin.m */,
				6292E78D66F142C683324600 /* aescrypt.c */,
				C13225ABC2824EF3854686F7 /* aeskey.c */,
				20638096B9DA4A27918A2A07 /* aestab.c */,
				B1F4FD85EEE74411A3C6BDCD /* entropy.c */,
				06E47016416F4241823172B3 /* fileenc.c */,
				CEDA34696320483C953D3D4D /* hmac.c */,
				9A08ABB251DE4DF4BDAEEF94 /* prng.c */,
				3F12B5952CB044D0A37A3AA2 /* pwd2key.c */,
				6E61D8AEA8FA40D1AE52EAEA /* sha1.c */,
				CABB6643B1204ABFB975CE1A /* SSZipArchive.m */,
				1BFC20F296FA4277A2A63E58 /* zip.c */,
				4670185C3E5E42F987635E69 /* unzip.c */,
				B4DDEB4CD08D48029C535663 /* mztools.c */,
				812064A98136421B9966AA68 /* ioapi.c */,
				E9878132A12A429594F33773 /* ZipPlugin.h */,
				CB563977B73F4B309F5A79A6 /* Common.h */,
				53436E0F84C545049430E5FF /* aes.h */,
				3CEAD50CE1574E4D81B148CE /* aes_via_ace.h */,
				341E244A0AA14B4D85E9C7DD /* aesopt.h */,
				E896CAF80E7B4932A50D8CA0 /* aestab.h */,
				6AC6D8A1E6C54DE48BA6C5AC /* brg_endian.h */,
				CA4694A7BD4341029CF82071 /* brg_types.h */,
				DCDA97BE875C4FFFA9718425 /* entropy.h */,
				98900A59521A4E5B9D6014D4 /* fileenc.h */,
				9D9EC923046D47EF994E7E94 /* hmac.h */,
				F5CC65FCB1A74283B3182384 /* prng.h */,
				CB68A35B08A34617BBAF3193 /* pwd2key.h */,
				1A20EDA42C26480690880C5A /* sha1.h */,
				6DBF8E3F95B741EDB1653234 /* SSZipArchive.h */,
				E2AF72198FA64A0193D34A8F /* zip.h */,
				832E91E7EF3B49DCBE9B02FF /* unzip.h */,
				7B9C866DFB0446B89168057D /* mztools.h */,
				61227FE75109444BAC4EC978 /* ioapi.h */,
				0294EC015C474A9EAED57948 /* crypt.h */,
				FB4C0FD43626437CA4A0F106 /* SQLitePlugin.m */,
				7C5794E0F93F42CCAF148E8B /* PSPDFThreadSafeMutableDictionary.m */,
				A6853CCC657A4C0B910D7961 /* sqlite3_regexp.c */,
				4FE19FA66BC04C97A32F4F95 /* sqlite3_base64.c */,
				C98EAAC93A4E42C5B9E4725C /* cencode.c */,
				C44D5AA83F9C4D80B5C100E2 /* sqlite3.c */,
				E3B71FF6444A482FA7439632 /* SQLitePlugin.h */,
				7C56715C3C6148E1A937BFFF /* PSPDFThreadSafeMutableDictionary.h */,
				4734493B88BD44B580C22856 /* sqlite3_regexp.h */,
				81D33C103FD04E14B648A38E /* sqlite3_base64.h */,
				00937DD02D1F4401A4144E89 /* cencode.h */,
				19B8F1F444D2486886145E5F /* sqlite3.h */,
				2B7323B566C048F1A3B23CA1 /* IonicKeyboard.m */,
				4C2679CB570946A3A0D24583 /* IonicKeyboard.h */,
				06B27DF91F0046E285487C64 /* BackgroundAudio.m */,
				83A8ED85737C47B5A959DC6B /* AppDelegate+notification.m */,
				2B035BC5B4C94070A3D02BCF /* PushPlugin.m */,
				86A6D17268FD4B9285826701 /* AppDelegate+notification.h */,
				E27B9BE950294FF68F58E9EB /* PushPlugin.h */,
			);
			name = Plugins;
			path = "VidyaMantra/Plugins";
			sourceTree = SOURCE_ROOT;
		};
		EB87FDF11871DA420020F90C /* Staging */ = {
			isa = PBXGroup;
			children = (
				F840E1F0165FE0F500CFE078 /* config.xml */,
				301BF56E109A69640062928A /* www */,
			);
			name = Staging;
			sourceTree = "<group>";
		};
/* End PBXGroup section */

/* Begin PBXNativeTarget section */
		1D6058900D05DD3D006BFB54 /* VidyaMantra */ = {
			isa = PBXNativeTarget;
			buildConfigurationList = 1D6058960D05DD3E006BFB54 /* Build configuration list for PBXNativeTarget "VidyaMantra" */;
			buildPhases = (
				304B58A110DAC018002A0835 /* Copy www directory */,
				1D60588D0D05DD3D006BFB54 /* Resources */,
				1D60588E0D05DD3D006BFB54 /* Sources */,
				1D60588F0D05DD3D006BFB54 /* Frameworks */,
			);
			buildRules = (
			);
			dependencies = (
				301BF551109A68C00062928A /* PBXTargetDependency */,
			);
			name = "VidyaMantra";
			productName = "VidyaMantra";
			productReference = 1D6058910D05DD3D006BFB54 /* VidyaMantra.app */;
			productType = "com.apple.product-type.application";
		};
/* End PBXNativeTarget section */

/* Begin PBXProject section */
		29B97313FDCFA39411CA2CEA /* Project object */ = {
			isa = PBXProject;
			attributes = {
				LastUpgradeCheck = 510;
			};
			buildConfigurationList = C01FCF4E08A954540054247B /* Build configuration list for PBXProject "__NON-CLI__" */;
			compatibilityVersion = "Xcode 3.2";
			developmentRegion = English;
			hasScannedForEncodings = 1;
			mainGroup = 29B97314FDCFA39411CA2CEA /* CustomTemplate */;
			projectDirPath = "";
			projectReferences = (
				{
					ProductGroup = 301BF52E109A57CC0062928A /* Products */;
					ProjectRef = 301BF52D109A57CC0062928A /* CordovaLib.xcodeproj */;
				},
			);
			projectRoot = "";
			targets = (
				1D6058900D05DD3D006BFB54 /* VidyaMantra */,
			);
		};
/* End PBXProject section */

/* Begin PBXReferenceProxy section */
		301BF535109A57CC0062928A /* libCordova.a */ = {
			isa = PBXReferenceProxy;
			fileType = archive.ar;
			path = libCordova.a;
			remoteRef = 301BF534109A57CC0062928A /* PBXContainerItemProxy */;
			sourceTree = BUILT_PRODUCTS_DIR;
		};
/* End PBXReferenceProxy section */

/* Begin PBXResourcesBuildPhase section */
		1D60588D0D05DD3D006BFB54 /* Resources */ = {
			isa = PBXResourcesBuildPhase;
			buildActionMask = 2147483647;
			files = (
				302D95F214D2391D003F00A1 /* MainViewController.xib in Resources */,
				0207DA581B56EA530066E2B4 /* Images.xcassets in Resources */,
				6AFF5BF91D6E424B00AB3073 /* CDVLaunchScreen.storyboard in Resources */,
				AC755C2CB38F438DB67E130F /* CDVCapture.bundle in Resources */,
			);
			runOnlyForDeploymentPostprocessing = 0;
		};
/* End PBXResourcesBuildPhase section */

/* Begin PBXShellScriptBuildPhase section */
		304B58A110DAC018002A0835 /* Copy www directory */ = {
			isa = PBXShellScriptBuildPhase;
			buildActionMask = 2147483647;
			files = (
			);
			inputPaths = (
			);
			name = "Copy www directory";
			outputPaths = (
			);
			runOnlyForDeploymentPostprocessing = 0;
			shellPath = /bin/sh;
			shellScript = "NODEJS_PATH=/usr/local/bin; NVM_NODE_PATH=~/.nvm/versions/node/`nvm version 2>/dev/null`/bin; N_NODE_PATH=`find /usr/local/n/versions/node/* -maxdepth 0 -type d 2>/dev/null | tail -1`/bin; XCODE_NODE_PATH=`xcode-select --print-path`/usr/share/xcs/Node/bin; PATH=$NODEJS_PATH:$NVM_NODE_PATH:$N_NODE_PATH:$XCODE_NODE_PATH:$PATH && node cordova/lib/copy-www-build-step.js";
			showEnvVarsInLog = 0;
		};
/* End PBXShellScriptBuildPhase section */

/* Begin PBXSourcesBuildPhase section */
		1D60588E0D05DD3D006BFB54 /* Sources */ = {
			isa = PBXSourcesBuildPhase;
			buildActionMask = 2147483647;
			files = (
				1D60589B0D05DD56006BFB54 /* main.m in Sources */,
				1D3623260D0F684500981E51 /* AppDelegate.m in Sources */,
				302D95F114D2391D003F00A1 /* MainViewController.m in Sources */,
				92737DF52E414A93B801C606 /* CDVClipboard.m in Sources */,
				D5EC6221057B4C25A665B98B /* AppDelegate+APPAppEvent.m in Sources */,
				AEAF063296C343AB84F49473 /* CDVPlugin+APPAppEvent.m in Sources */,
				2FE8DF6087E0426D8521F53E /* APPBadge.m in Sources */,
				2F3FB43FC8E84556BFD3C74E /* UIImage+CropScaleOrientation.m in Sources */,
				414F42D496EC44F3BDA9A4DA /* CDVCamera.m in Sources */,
				D203BDAD57FA4A49893D8849 /* CDVJpegHeaderWriter.m in Sources */,
				7ECFC511C3154425BFD01360 /* CDVDevice.m in Sources */,
				A1A5BCE0266A46AF93872308 /* CDVFile.m in Sources */,
				9A83C10001CC4E1595E164B4 /* CDVLocalFilesystem.m in Sources */,
				0DF01CC1471E4D08ABFA1299 /* CDVAssetLibraryFilesystem.m in Sources */,
				5531D2A844A44B6883DCA232 /* FileOpener2.m in Sources */,
				87AD0D09966740E093FFB441 /* CDVFileTransfer.m in Sources */,
				393357802C484B719DA14B6F /* CDVGlobalization.m in Sources */,
				4B7B8F7B965C4C2583211D6C /* CDVInAppBrowser.m in Sources */,
				9B292326C69B46ABB5A9F47A /* APPLocalNotification.m in Sources */,
				20E5D8D181334331A291C96F /* APPLocalNotificationOptions.m in Sources */,
				957CEC96A3764B3E897B1AA0 /* UNUserNotificationCenter+APPLocalNotification.m in Sources */,
				1C4EACA805F548B7B894801C /* UNMutableNotificationContent+APPLocalNotification.m in Sources */,
				6535398440264F77B6CF2E1B /* UNNotificationRequest+APPLocalNotification.m in Sources */,
				7114437DEFAF4B90AE834738 /* APPLocalNotificationOptions.ios9.m in Sources */,
				B8D686767BF04845A6CC8DBC /* UIApplication+APPLocalNotification.ios9.m in Sources */,
				C9F42AD65A4A4CA8A757CED3 /* UILocalNotification+APPLocalNotification.ios9.m in Sources */,
				BCAA760E3985445E954EAC7B /* CDVCapture.m in Sources */,
				B1304AD3DC7B47EBA33113FC /* CDVConnection.m in Sources */,
				D7A248F4DF734D2CA27B5001 /* CDVReachability.m in Sources */,
				DF3E0D49A822426BAB15195B /* CDVSplashScreen.m in Sources */,
				DD454BE19CCA47FEBCE396D4 /* CDVViewController+SplashScreen.m in Sources */,
				46A8403732EB4FC8BBB7D7E0 /* CDVStatusBar.m in Sources */,
				7FF1947DB88E4AC78CC11478 /* ZipPlugin.m in Sources */,
				8F2990BFB28F46E4997BB9D3 /* aescrypt.c in Resources */,
				712602B99CC24CFBB7BD2E39 /* aeskey.c in Resources */,
				8FD7F6D25278441B80E11A1A /* aestab.c in Resources */,
				9C9947028032444C8F475A98 /* entropy.c in Resources */,
				CCC83B7C648E4B90834C7F0B /* fileenc.c in Resources */,
				96D4E0B99BFA464088CF2EF0 /* hmac.c in Resources */,
				5129AA66670044A393BFEB13 /* prng.c in Resources */,
				3E520592F99745888A3D91A2 /* pwd2key.c in Resources */,
				92A0C4DAFAD746C8BF846EFA /* sha1.c in Resources */,
				D2194E1120E54D1F9BD4836B /* SSZipArchive.m in Sources */,
				0F71B77D3F6048DB93F523E7 /* zip.c in Resources */,
				D4C26EC3726249D699A28C5C /* unzip.c in Resources */,
				7F2CF00FE25E45CDAE3591EE /* mztools.c in Resources */,
				2916E6A6C17A4698B4F4514A /* ioapi.c in Resources */,
				2A847E0D900E456FA77807B7 /* SQLitePlugin.m in Sources */,
				CB262BD612D74D46A55E5C96 /* PSPDFThreadSafeMutableDictionary.m in Sources */,
				A8D46B2774AF48B1BD4EA723 /* sqlite3_regexp.c in Resources */,
				76F14FFB83E54D60A9F72553 /* sqlite3_base64.c in Resources */,
				B8D791A2240F447088A05099 /* cencode.c in Resources */,
				9B41ADAA95844AB082759CA6 /* sqlite3.c in Resources */,
				27D8CB76ED02413F97723A4C /* IonicKeyboard.m in Sources */,
				8E082B68CAA94448BC9AAD5E /* BackgroundAudio.m in Sources */,
				BF82165A13384B32819A45D9 /* AppDelegate+notification.m in Sources */,
				197834102D60413AA83A9663 /* PushPlugin.m in Sources */,
			);
			runOnlyForDeploymentPostprocessing = 0;
		};
/* End PBXSourcesBuildPhase section */

/* Begin PBXTargetDependency section */
		301BF551109A68C00062928A /* PBXTargetDependency */ = {
			isa = PBXTargetDependency;
			name = CordovaLib;
			targetProxy = 301BF550109A68C00062928A /* PBXContainerItemProxy */;
		};
/* End PBXTargetDependency section */

/* Begin XCBuildConfiguration section */
		1D6058940D05DD3E006BFB54 /* Debug */ = {
			isa = XCBuildConfiguration;
			baseConfigurationReference = 3047A50F1AB8059700498E2A /* build-debug.xcconfig */;
			buildSettings = {
				ALWAYS_SEARCH_USER_PATHS = NO;
				ASSETCATALOG_COMPILER_APPICON_NAME = AppIcon;
				ASSETCATALOG_COMPILER_LAUNCHIMAGE_NAME = LaunchImage;
				CLANG_ENABLE_MODULES = YES;
				CLANG_ENABLE_OBJC_ARC = YES;
				COPY_PHASE_STRIP = NO;
				GCC_DYNAMIC_NO_PIC = NO;
				GCC_OPTIMIZATION_LEVEL = 0;
				GCC_PRECOMPILE_PREFIX_HEADER = YES;
				GCC_PREFIX_HEADER = "VidyaMantra/VidyaMantra-Prefix.pch";
				GCC_THUMB_SUPPORT = NO;
				GCC_VERSION = "";
				INFOPLIST_FILE = "VidyaMantra/VidyaMantra-Info.plist";
				IPHONEOS_DEPLOYMENT_TARGET = 9.0;
				LD_RUNPATH_SEARCH_PATHS = "@executable_path/Frameworks";
				TARGETED_DEVICE_FAMILY = "1,2";
				PRODUCT_NAME = "VidyaMantra";
			};
			name = Debug;
		};
		1D6058950D05DD3E006BFB54 /* Release */ = {
			isa = XCBuildConfiguration;
			baseConfigurationReference = 3047A5101AB8059700498E2A /* build-release.xcconfig */;
			buildSettings = {
				ALWAYS_SEARCH_USER_PATHS = NO;
				ASSETCATALOG_COMPILER_APPICON_NAME = AppIcon;
				ASSETCATALOG_COMPILER_LAUNCHIMAGE_NAME = LaunchImage;
				CLANG_ENABLE_MODULES = YES;
				CLANG_ENABLE_OBJC_ARC = YES;
				COPY_PHASE_STRIP = YES;
				GCC_PRECOMPILE_PREFIX_HEADER = YES;
				GCC_PREFIX_HEADER = "VidyaMantra/VidyaMantra-Prefix.pch";
				GCC_THUMB_SUPPORT = NO;
				GCC_VERSION = "";
				INFOPLIST_FILE = "VidyaMantra/VidyaMantra-Info.plist";
				IPHONEOS_DEPLOYMENT_TARGET = 9.0;
				LD_RUNPATH_SEARCH_PATHS = "@executable_path/Frameworks";
				TARGETED_DEVICE_FAMILY = "1,2";
				PRODUCT_NAME = "VidyaMantra";
			};
			name = Release;
		};
		C01FCF4F08A954540054247B /* Debug */ = {
			isa = XCBuildConfiguration;
			baseConfigurationReference = 3047A5111AB8059700498E2A /* build.xcconfig */;
			buildSettings = {
				CLANG_ENABLE_MODULES = YES;
				CLANG_ENABLE_OBJC_ARC = YES;
				CLANG_WARN_BOOL_CONVERSION = YES;
				CLANG_WARN_CONSTANT_CONVERSION = YES;
				CLANG_WARN_EMPTY_BODY = YES;
				CLANG_WARN_ENUM_CONVERSION = YES;
				CLANG_WARN_INT_CONVERSION = YES;
				CLANG_WARN__DUPLICATE_METHOD_MATCH = YES;
				GCC_C_LANGUAGE_STANDARD = c99;
				GCC_THUMB_SUPPORT = NO;
				GCC_VERSION = "";
				GCC_WARN_ABOUT_RETURN_TYPE = YES;
				GCC_WARN_UNDECLARED_SELECTOR = YES;
				GCC_WARN_UNINITIALIZED_AUTOS = YES;
				GCC_WARN_UNUSED_FUNCTION = YES;
				GCC_WARN_UNUSED_VARIABLE = YES;
				ONLY_ACTIVE_ARCH = YES;
				SDKROOT = iphoneos;
				SKIP_INSTALL = NO;
				TARGETED_DEVICE_FAMILY = "1,2";
			};
			name = Debug;
		};
		C01FCF5008A954540054247B /* Release */ = {
			isa = XCBuildConfiguration;
			baseConfigurationReference = 3047A5111AB8059700498E2A /* build.xcconfig */;
			buildSettings = {
				CLANG_ENABLE_MODULES = YES;
				CLANG_ENABLE_OBJC_ARC = YES;
				CLANG_WARN_BOOL_CONVERSION = YES;
				CLANG_WARN_CONSTANT_CONVERSION = YES;
				CLANG_WARN_EMPTY_BODY = YES;
				CLANG_WARN_ENUM_CONVERSION = YES;
				CLANG_WARN_INT_CONVERSION = YES;
				CLANG_WARN__DUPLICATE_METHOD_MATCH = YES;
				GCC_C_LANGUAGE_STANDARD = c99;
				GCC_THUMB_SUPPORT = NO;
				GCC_VERSION = "";
				GCC_WARN_ABOUT_RETURN_TYPE = YES;
				GCC_WARN_UNDECLARED_SELECTOR = YES;
				GCC_WARN_UNINITIALIZED_AUTOS = YES;
				GCC_WARN_UNUSED_FUNCTION = YES;
				GCC_WARN_UNUSED_VARIABLE = YES;
				SDKROOT = iphoneos;
				SKIP_INSTALL = NO;
				TARGETED_DEVICE_FAMILY = "1,2";
			};
			name = Release;
		};
/* End XCBuildConfiguration section */

/* Begin XCConfigurationList section */
		1D6058960D05DD3E006BFB54 /* Build configuration list for PBXNativeTarget "VidyaMantra" */ = {
			isa = XCConfigurationList;
			buildConfigurations = (
				1D6058940D05DD3E006BFB54 /* Debug */,
				1D6058950D05DD3E006BFB54 /* Release */,
			);
			defaultConfigurationIsVisible = 0;
			defaultConfigurationName = Release;
		};
		C01FCF4E08A954540054247B /* Build configuration list for PBXProject "__NON-CLI__" */ = {
			isa = XCConfigurationList;
			buildConfigurations = (
				C01FCF4F08A954540054247B /* Debug */,
				C01FCF5008A954540054247B /* Release */,
			);
			defaultConfigurationIsVisible = 0;
			defaultConfigurationName = Release;
		};
/* End XCConfigurationList section */
	};
	rootObject = 29B97313FDCFA39411CA2CEA /* Project object */;
}
